
Microsoft Visual Studio Solution File, Format Version 10.00
# Visual Studio 2008
Project("{FAE04EC0-301F-11D3-BF4B-00C04F79EFBC}") = "CommandDispatch", "CommandDispatch\CommandDispatch.csproj", "{51889A80-E9A2-49D7-BB8E-04D1BF4E320A}"
EndProject
Global
	GlobalSection(TeamFoundationVersionControl) = preSolution
		SccNumberOfProjects = 2
		SccEnterpriseProvider = {4CA58AB2-18FA-4F8D-95D4-32DDF27D184C}
		SccTeamFoundationServer = http://pagtfs01:8080/
		SccLocalPath0 = .
		SccProjectUniqueName1 = CommandDispatch\\CommandDispatch.csproj
		SccProjectName1 = CommandDispatch
		SccLocalPath1 = CommandDispatch
	EndGlobalSection
	GlobalSection(SolutionConfigurationPlatforms) = preSolution
		Debug|Any CPU = Debug|Any CPU
		Release|Any CPU = Release|Any CPU
	EndGlobalSection
	GlobalSection(ProjectConfigurationPlatforms) = postSolution
		{51889A80-E9A2-49D7-BB8E-04D1BF4E320A}.Debug|Any CPU.ActiveCfg = Debug|Any CPU
		{51889A80-E9A2-49D7-BB8E-04D1BF4E320A}.Debug|Any CPU.Build.0 = Debug|Any CPU
		{51889A80-E9A2-49D7-BB8E-04D1BF4E320A}.Release|Any CPU.ActiveCfg = Release|Any CPU
		{51889A80-E9A2-49D7-BB8E-04D1BF4E320A}.Release|Any CPU.Build.0 = Release|Any CPU
	EndGlobalSection
	GlobalSection(SolutionProperties) = preSolution
		HideSolutionNode = FALSE
	EndGlobalSection
EndGlobal
