
Microsoft Visual Studio Solution File, Format Version 10.00
# Visual Studio 2008
Project("{FAE04EC0-301F-11D3-BF4B-00C04F79EFBC}") = "PrismSample", "PrismSample\PrismSample.csproj", "{DD538382-5936-4E3B-92C0-0D2C7868F50A}"
EndProject
Project("{2150E333-8FDC-42A3-9474-1A3956D46DE8}") = "_Prism Framework", "_Prism Framework", "{0BD6B739-306B-4B5E-881F-11D33B3B2579}"
EndProject
Project("{FAE04EC0-301F-11D3-BF4B-00C04F79EFBC}") = "Prism", "..\Prism\Prism\Prism.csproj", "{E20361F8-7B3F-437D-8799-EDE1FB7B15C1}"
EndProject
Project("{FAE04EC0-301F-11D3-BF4B-00C04F79EFBC}") = "Prism.Interfaces", "..\Prism\Prism.Interfaces\Prism.Interfaces.csproj", "{C4E0705E-7D35-441A-BC04-6F4E5D25FD60}"
EndProject
Project("{2150E333-8FDC-42A3-9474-1A3956D46DE8}") = "Modules", "Modules", "{E23DBBC8-66F9-4FDC-8133-CE596CE9C0DF}"
EndProject
Project("{FAE04EC0-301F-11D3-BF4B-00C04F79EFBC}") = "HelloWorld", "HelloWorldModule\HelloWorld.csproj", "{1AD5E95C-5EEA-40F5-A3A7-5387C01CA709}"
EndProject
Global
	GlobalSection(SolutionConfigurationPlatforms) = preSolution
		Debug|Any CPU = Debug|Any CPU
		Release|Any CPU = Release|Any CPU
	EndGlobalSection
	GlobalSection(ProjectConfigurationPlatforms) = postSolution
		{DD538382-5936-4E3B-92C0-0D2C7868F50A}.Debug|Any CPU.ActiveCfg = Debug|Any CPU
		{DD538382-5936-4E3B-92C0-0D2C7868F50A}.Debug|Any CPU.Build.0 = Debug|Any CPU
		{DD538382-5936-4E3B-92C0-0D2C7868F50A}.Release|Any CPU.ActiveCfg = Release|Any CPU
		{DD538382-5936-4E3B-92C0-0D2C7868F50A}.Release|Any CPU.Build.0 = Release|Any CPU
		{E20361F8-7B3F-437D-8799-EDE1FB7B15C1}.Debug|Any CPU.ActiveCfg = Debug|Any CPU
		{E20361F8-7B3F-437D-8799-EDE1FB7B15C1}.Debug|Any CPU.Build.0 = Debug|Any CPU
		{E20361F8-7B3F-437D-8799-EDE1FB7B15C1}.Release|Any CPU.ActiveCfg = Release|Any CPU
		{E20361F8-7B3F-437D-8799-EDE1FB7B15C1}.Release|Any CPU.Build.0 = Release|Any CPU
		{C4E0705E-7D35-441A-BC04-6F4E5D25FD60}.Debug|Any CPU.ActiveCfg = Debug|Any CPU
		{C4E0705E-7D35-441A-BC04-6F4E5D25FD60}.Debug|Any CPU.Build.0 = Debug|Any CPU
		{C4E0705E-7D35-441A-BC04-6F4E5D25FD60}.Release|Any CPU.ActiveCfg = Release|Any CPU
		{C4E0705E-7D35-441A-BC04-6F4E5D25FD60}.Release|Any CPU.Build.0 = Release|Any CPU
		{1AD5E95C-5EEA-40F5-A3A7-5387C01CA709}.Debug|Any CPU.ActiveCfg = Debug|Any CPU
		{1AD5E95C-5EEA-40F5-A3A7-5387C01CA709}.Debug|Any CPU.Build.0 = Debug|Any CPU
		{1AD5E95C-5EEA-40F5-A3A7-5387C01CA709}.Release|Any CPU.ActiveCfg = Release|Any CPU
		{1AD5E95C-5EEA-40F5-A3A7-5387C01CA709}.Release|Any CPU.Build.0 = Release|Any CPU
	EndGlobalSection
	GlobalSection(SolutionProperties) = preSolution
		HideSolutionNode = FALSE
	EndGlobalSection
	GlobalSection(NestedProjects) = preSolution
		{E20361F8-7B3F-437D-8799-EDE1FB7B15C1} = {0BD6B739-306B-4B5E-881F-11D33B3B2579}
		{C4E0705E-7D35-441A-BC04-6F4E5D25FD60} = {0BD6B739-306B-4B5E-881F-11D33B3B2579}
		{1AD5E95C-5EEA-40F5-A3A7-5387C01CA709} = {E23DBBC8-66F9-4FDC-8133-CE596CE9C0DF}
	EndGlobalSection
EndGlobal
