
Microsoft Visual Studio Solution File, Format Version 10.00
# Visual Studio 2008
Project("{FAE04EC0-301F-11D3-BF4B-00C04F79EFBC}") = "RegionsSpike", "RegionsSpike\RegionsSpike.csproj", "{8A0BC7FF-EF3E-420C-89DC-3E33BCCD565E}"
EndProject
Project("{FAE04EC0-301F-11D3-BF4B-00C04F79EFBC}") = "CX.Containers", "..\CX.Containers\CX.Containers.csproj", "{D0D89A3A-917A-4DCC-AFE4-9FD539DC9CBE}"
EndProject
Project("{FAE04EC0-301F-11D3-BF4B-00C04F79EFBC}") = "Module3", "Module3\Module3.csproj", "{DD4501A2-D266-4FCE-BEF1-B42B60994638}"
EndProject
Project("{FAE04EC0-301F-11D3-BF4B-00C04F79EFBC}") = "Infrastructure", "Infrastructure\Infrastructure.csproj", "{A462BA4C-0FCB-4738-9129-37C276EFF969}"
EndProject
Project("{FAE04EC0-301F-11D3-BF4B-00C04F79EFBC}") = "RestaurantModule", "Module2\RestaurantModule.csproj", "{093502E9-6BBC-4974-9BF1-BB61A516D9C0}"
EndProject
Project("{FAE04EC0-301F-11D3-BF4B-00C04F79EFBC}") = "CX", "..\CX\CX.csproj", "{8F4DAF9F-3B4E-4190-80D5-5A3D0BBF55B3}"
EndProject
Project("{FAE04EC0-301F-11D3-BF4B-00C04F79EFBC}") = "CX.UnityContainer", "..\CX.UnityContainer\CX.UnityContainer.csproj", "{664264F4-258A-41F3-93A4-A87E1AFD85FD}"
EndProject
Project("{FAE04EC0-301F-11D3-BF4B-00C04F79EFBC}") = "WeatherModule", "WpfControlLibrary1\WeatherModule.csproj", "{687B92E1-0232-472D-ABC9-988FA6868076}"
EndProject
Global
	GlobalSection(SolutionConfigurationPlatforms) = preSolution
		Debug|Any CPU = Debug|Any CPU
		Release|Any CPU = Release|Any CPU
	EndGlobalSection
	GlobalSection(ProjectConfigurationPlatforms) = postSolution
		{8A0BC7FF-EF3E-420C-89DC-3E33BCCD565E}.Debug|Any CPU.ActiveCfg = Debug|Any CPU
		{8A0BC7FF-EF3E-420C-89DC-3E33BCCD565E}.Debug|Any CPU.Build.0 = Debug|Any CPU
		{8A0BC7FF-EF3E-420C-89DC-3E33BCCD565E}.Release|Any CPU.ActiveCfg = Release|Any CPU
		{8A0BC7FF-EF3E-420C-89DC-3E33BCCD565E}.Release|Any CPU.Build.0 = Release|Any CPU
		{D0D89A3A-917A-4DCC-AFE4-9FD539DC9CBE}.Debug|Any CPU.ActiveCfg = Debug|Any CPU
		{D0D89A3A-917A-4DCC-AFE4-9FD539DC9CBE}.Release|Any CPU.ActiveCfg = Release|Any CPU
		{DD4501A2-D266-4FCE-BEF1-B42B60994638}.Debug|Any CPU.ActiveCfg = Debug|Any CPU
		{DD4501A2-D266-4FCE-BEF1-B42B60994638}.Debug|Any CPU.Build.0 = Debug|Any CPU
		{DD4501A2-D266-4FCE-BEF1-B42B60994638}.Release|Any CPU.ActiveCfg = Release|Any CPU
		{DD4501A2-D266-4FCE-BEF1-B42B60994638}.Release|Any CPU.Build.0 = Release|Any CPU
		{A462BA4C-0FCB-4738-9129-37C276EFF969}.Debug|Any CPU.ActiveCfg = Debug|Any CPU
		{A462BA4C-0FCB-4738-9129-37C276EFF969}.Debug|Any CPU.Build.0 = Debug|Any CPU
		{A462BA4C-0FCB-4738-9129-37C276EFF969}.Release|Any CPU.ActiveCfg = Release|Any CPU
		{A462BA4C-0FCB-4738-9129-37C276EFF969}.Release|Any CPU.Build.0 = Release|Any CPU
		{093502E9-6BBC-4974-9BF1-BB61A516D9C0}.Debug|Any CPU.ActiveCfg = Debug|Any CPU
		{093502E9-6BBC-4974-9BF1-BB61A516D9C0}.Debug|Any CPU.Build.0 = Debug|Any CPU
		{093502E9-6BBC-4974-9BF1-BB61A516D9C0}.Release|Any CPU.ActiveCfg = Release|Any CPU
		{093502E9-6BBC-4974-9BF1-BB61A516D9C0}.Release|Any CPU.Build.0 = Release|Any CPU
		{8F4DAF9F-3B4E-4190-80D5-5A3D0BBF55B3}.Debug|Any CPU.ActiveCfg = Debug|Any CPU
		{8F4DAF9F-3B4E-4190-80D5-5A3D0BBF55B3}.Debug|Any CPU.Build.0 = Debug|Any CPU
		{8F4DAF9F-3B4E-4190-80D5-5A3D0BBF55B3}.Release|Any CPU.ActiveCfg = Release|Any CPU
		{8F4DAF9F-3B4E-4190-80D5-5A3D0BBF55B3}.Release|Any CPU.Build.0 = Release|Any CPU
		{664264F4-258A-41F3-93A4-A87E1AFD85FD}.Debug|Any CPU.ActiveCfg = Debug|Any CPU
		{664264F4-258A-41F3-93A4-A87E1AFD85FD}.Debug|Any CPU.Build.0 = Debug|Any CPU
		{664264F4-258A-41F3-93A4-A87E1AFD85FD}.Release|Any CPU.ActiveCfg = Release|Any CPU
		{664264F4-258A-41F3-93A4-A87E1AFD85FD}.Release|Any CPU.Build.0 = Release|Any CPU
		{687B92E1-0232-472D-ABC9-988FA6868076}.Debug|Any CPU.ActiveCfg = Debug|Any CPU
		{687B92E1-0232-472D-ABC9-988FA6868076}.Debug|Any CPU.Build.0 = Debug|Any CPU
		{687B92E1-0232-472D-ABC9-988FA6868076}.Release|Any CPU.ActiveCfg = Release|Any CPU
		{687B92E1-0232-472D-ABC9-988FA6868076}.Release|Any CPU.Build.0 = Release|Any CPU
	EndGlobalSection
	GlobalSection(SolutionProperties) = preSolution
		HideSolutionNode = FALSE
	EndGlobalSection
EndGlobal
