
Microsoft Visual Studio Solution File, Format Version 10.00
# Visual Studio 2008
Project("{FAE04EC0-301F-11D3-BF4B-00C04F79EFBC}") = "StockTraderRI", "StockTraderRI\StockTraderRI.csproj", "{3487B9D4-AFAB-4E82-A0F6-2BEE3C013BBB}"
EndProject
Project("{2150E333-8FDC-42A3-9474-1A3956D46DE8}") = "Solution Items", "Solution Items", "{57AF5FA8-8185-4317-86C8-58E634120B9B}"
	ProjectSection(SolutionItems) = preProject
		StockTraderRITestRun.testrunconfig = StockTraderRITestRun.testrunconfig
	EndProjectSection
EndProject
Project("{FAE04EC0-301F-11D3-BF4B-00C04F79EFBC}") = "StockTraderRI.Infrastructure", "StockTraderRI.Infrastructure\StockTraderRI.Infrastructure.csproj", "{0A123C1B-F316-447D-99A5-44CCF8023683}"
EndProject
Project("{FAE04EC0-301F-11D3-BF4B-00C04F79EFBC}") = "Prism", "..\Prism\Prism\Prism.csproj", "{E20361F8-7B3F-437D-8799-EDE1FB7B15C1}"
EndProject
Project("{FAE04EC0-301F-11D3-BF4B-00C04F79EFBC}") = "Prism.Tests", "..\Prism\Prism.Tests\Prism.Tests.csproj", "{BBC4F378-C99A-4F50-B0E6-E3B97B9F22CC}"
EndProject
Project("{FAE04EC0-301F-11D3-BF4B-00C04F79EFBC}") = "StockTraderRI.Modules.Position", "StockTraderRI.Modules.Position\StockTraderRI.Modules.Position.csproj", "{46F2DA52-ACB0-4183-912F-7CC29971ED50}"
EndProject
Project("{FAE04EC0-301F-11D3-BF4B-00C04F79EFBC}") = "StockTraderRI.ChartControls", "..\ChartControls\StockTraderRI.ChartControls.csproj", "{CBF8605C-8DAC-4CBB-9A1E-D798D83B277E}"
EndProject
Project("{FAE04EC0-301F-11D3-BF4B-00C04F79EFBC}") = "Prism.Interfaces", "..\Prism\Prism.Interfaces\Prism.Interfaces.csproj", "{C4E0705E-7D35-441A-BC04-6F4E5D25FD60}"
EndProject
Project("{FAE04EC0-301F-11D3-BF4B-00C04F79EFBC}") = "StockTraderRI.Modules.Watch", "StockTraderRI.Modules.WatchList\StockTraderRI.Modules.Watch.csproj", "{78621307-C67F-4C61-96AA-7EE4B3C08620}"
EndProject
Project("{FAE04EC0-301F-11D3-BF4B-00C04F79EFBC}") = "StockTraderRI.Modules.News", "StockTraderRI.Modules.News\StockTraderRI.Modules.News.csproj", "{2B892495-7440-44D4-87F7-C7ABB42740A8}"
EndProject
Project("{FAE04EC0-301F-11D3-BF4B-00C04F79EFBC}") = "StockTraderRI.Modules.Market", "StockTraderRI.Modules.Market\StockTraderRI.Modules.Market.csproj", "{65E5631B-965B-4E16-9B98-6DCAE79B0D85}"
EndProject
Project("{2150E333-8FDC-42A3-9474-1A3956D46DE8}") = "_StockTraderRI Common", "_StockTraderRI Common", "{D107652E-AC8A-4ACA-A919-B1A5EF5E40BC}"
EndProject
Project("{2150E333-8FDC-42A3-9474-1A3956D46DE8}") = "Unit Tests", "Unit Tests", "{FDBB896F-FD82-4F10-82D8-3A9875F83F84}"
EndProject
Project("{2150E333-8FDC-42A3-9474-1A3956D46DE8}") = "Modules", "Modules", "{6C23EC02-A668-4374-954E-9A16EC7BCA42}"
EndProject
Project("{2150E333-8FDC-42A3-9474-1A3956D46DE8}") = "_Prism Framework", "_Prism Framework", "{5BC86DB2-A7B6-41CA-97A4-8FD8ACEDE9BF}"
EndProject
Project("{FAE04EC0-301F-11D3-BF4B-00C04F79EFBC}") = "Prism.WindsorContainerAdapter", "..\Prism\Prism.WindsorContainerAdapter\Prism.WindsorContainerAdapter.csproj", "{A832A315-CD9B-4673-A777-7E186DD7FB83}"
EndProject
Project("{FAE04EC0-301F-11D3-BF4B-00C04F79EFBC}") = "Prism.WindsorContainerAdapter.Tests", "..\Prism\Prism.WindsorContainerAdapter.Tests\Prism.WindsorContainerAdapter.Tests.csproj", "{2CDC1D22-8C1F-426C-AE57-494C7BDA4481}"
EndProject
Global
	GlobalSection(SolutionConfigurationPlatforms) = preSolution
		Debug|Any CPU = Debug|Any CPU
		Release|Any CPU = Release|Any CPU
	EndGlobalSection
	GlobalSection(ProjectConfigurationPlatforms) = postSolution
		{3487B9D4-AFAB-4E82-A0F6-2BEE3C013BBB}.Debug|Any CPU.ActiveCfg = Debug|Any CPU
		{3487B9D4-AFAB-4E82-A0F6-2BEE3C013BBB}.Debug|Any CPU.Build.0 = Debug|Any CPU
		{3487B9D4-AFAB-4E82-A0F6-2BEE3C013BBB}.Release|Any CPU.ActiveCfg = Release|Any CPU
		{3487B9D4-AFAB-4E82-A0F6-2BEE3C013BBB}.Release|Any CPU.Build.0 = Release|Any CPU
		{0A123C1B-F316-447D-99A5-44CCF8023683}.Debug|Any CPU.ActiveCfg = Debug|Any CPU
		{0A123C1B-F316-447D-99A5-44CCF8023683}.Debug|Any CPU.Build.0 = Debug|Any CPU
		{0A123C1B-F316-447D-99A5-44CCF8023683}.Release|Any CPU.ActiveCfg = Release|Any CPU
		{0A123C1B-F316-447D-99A5-44CCF8023683}.Release|Any CPU.Build.0 = Release|Any CPU
		{E20361F8-7B3F-437D-8799-EDE1FB7B15C1}.Debug|Any CPU.ActiveCfg = Debug|Any CPU
		{E20361F8-7B3F-437D-8799-EDE1FB7B15C1}.Debug|Any CPU.Build.0 = Debug|Any CPU
		{E20361F8-7B3F-437D-8799-EDE1FB7B15C1}.Release|Any CPU.ActiveCfg = Release|Any CPU
		{E20361F8-7B3F-437D-8799-EDE1FB7B15C1}.Release|Any CPU.Build.0 = Release|Any CPU
		{BBC4F378-C99A-4F50-B0E6-E3B97B9F22CC}.Debug|Any CPU.ActiveCfg = Debug|Any CPU
		{BBC4F378-C99A-4F50-B0E6-E3B97B9F22CC}.Debug|Any CPU.Build.0 = Debug|Any CPU
		{BBC4F378-C99A-4F50-B0E6-E3B97B9F22CC}.Release|Any CPU.ActiveCfg = Release|Any CPU
		{BBC4F378-C99A-4F50-B0E6-E3B97B9F22CC}.Release|Any CPU.Build.0 = Release|Any CPU
		{46F2DA52-ACB0-4183-912F-7CC29971ED50}.Debug|Any CPU.ActiveCfg = Debug|Any CPU
		{46F2DA52-ACB0-4183-912F-7CC29971ED50}.Debug|Any CPU.Build.0 = Debug|Any CPU
		{46F2DA52-ACB0-4183-912F-7CC29971ED50}.Release|Any CPU.ActiveCfg = Release|Any CPU
		{46F2DA52-ACB0-4183-912F-7CC29971ED50}.Release|Any CPU.Build.0 = Release|Any CPU
		{CBF8605C-8DAC-4CBB-9A1E-D798D83B277E}.Debug|Any CPU.ActiveCfg = Debug|Any CPU
		{CBF8605C-8DAC-4CBB-9A1E-D798D83B277E}.Debug|Any CPU.Build.0 = Debug|Any CPU
		{CBF8605C-8DAC-4CBB-9A1E-D798D83B277E}.Release|Any CPU.ActiveCfg = Release|Any CPU
		{CBF8605C-8DAC-4CBB-9A1E-D798D83B277E}.Release|Any CPU.Build.0 = Release|Any CPU
		{C4E0705E-7D35-441A-BC04-6F4E5D25FD60}.Debug|Any CPU.ActiveCfg = Debug|Any CPU
		{C4E0705E-7D35-441A-BC04-6F4E5D25FD60}.Debug|Any CPU.Build.0 = Debug|Any CPU
		{C4E0705E-7D35-441A-BC04-6F4E5D25FD60}.Release|Any CPU.ActiveCfg = Release|Any CPU
		{C4E0705E-7D35-441A-BC04-6F4E5D25FD60}.Release|Any CPU.Build.0 = Release|Any CPU
		{78621307-C67F-4C61-96AA-7EE4B3C08620}.Debug|Any CPU.ActiveCfg = Debug|Any CPU
		{78621307-C67F-4C61-96AA-7EE4B3C08620}.Debug|Any CPU.Build.0 = Debug|Any CPU
		{78621307-C67F-4C61-96AA-7EE4B3C08620}.Release|Any CPU.ActiveCfg = Release|Any CPU
		{78621307-C67F-4C61-96AA-7EE4B3C08620}.Release|Any CPU.Build.0 = Release|Any CPU
		{2B892495-7440-44D4-87F7-C7ABB42740A8}.Debug|Any CPU.ActiveCfg = Debug|Any CPU
		{2B892495-7440-44D4-87F7-C7ABB42740A8}.Debug|Any CPU.Build.0 = Debug|Any CPU
		{2B892495-7440-44D4-87F7-C7ABB42740A8}.Release|Any CPU.ActiveCfg = Release|Any CPU
		{2B892495-7440-44D4-87F7-C7ABB42740A8}.Release|Any CPU.Build.0 = Release|Any CPU
		{65E5631B-965B-4E16-9B98-6DCAE79B0D85}.Debug|Any CPU.ActiveCfg = Debug|Any CPU
		{65E5631B-965B-4E16-9B98-6DCAE79B0D85}.Debug|Any CPU.Build.0 = Debug|Any CPU
		{65E5631B-965B-4E16-9B98-6DCAE79B0D85}.Release|Any CPU.ActiveCfg = Release|Any CPU
		{65E5631B-965B-4E16-9B98-6DCAE79B0D85}.Release|Any CPU.Build.0 = Release|Any CPU
		{A832A315-CD9B-4673-A777-7E186DD7FB83}.Debug|Any CPU.ActiveCfg = Debug|Any CPU
		{A832A315-CD9B-4673-A777-7E186DD7FB83}.Debug|Any CPU.Build.0 = Debug|Any CPU
		{A832A315-CD9B-4673-A777-7E186DD7FB83}.Release|Any CPU.ActiveCfg = Release|Any CPU
		{A832A315-CD9B-4673-A777-7E186DD7FB83}.Release|Any CPU.Build.0 = Release|Any CPU
		{2CDC1D22-8C1F-426C-AE57-494C7BDA4481}.Debug|Any CPU.ActiveCfg = Debug|Any CPU
		{2CDC1D22-8C1F-426C-AE57-494C7BDA4481}.Debug|Any CPU.Build.0 = Debug|Any CPU
		{2CDC1D22-8C1F-426C-AE57-494C7BDA4481}.Release|Any CPU.ActiveCfg = Release|Any CPU
		{2CDC1D22-8C1F-426C-AE57-494C7BDA4481}.Release|Any CPU.Build.0 = Release|Any CPU
	EndGlobalSection
	GlobalSection(SolutionProperties) = preSolution
		HideSolutionNode = FALSE
	EndGlobalSection
	GlobalSection(NestedProjects) = preSolution
		{BBC4F378-C99A-4F50-B0E6-E3B97B9F22CC} = {FDBB896F-FD82-4F10-82D8-3A9875F83F84}
		{2CDC1D22-8C1F-426C-AE57-494C7BDA4481} = {FDBB896F-FD82-4F10-82D8-3A9875F83F84}
		{CBF8605C-8DAC-4CBB-9A1E-D798D83B277E} = {D107652E-AC8A-4ACA-A919-B1A5EF5E40BC}
		{0A123C1B-F316-447D-99A5-44CCF8023683} = {D107652E-AC8A-4ACA-A919-B1A5EF5E40BC}
		{C4E0705E-7D35-441A-BC04-6F4E5D25FD60} = {5BC86DB2-A7B6-41CA-97A4-8FD8ACEDE9BF}
		{E20361F8-7B3F-437D-8799-EDE1FB7B15C1} = {5BC86DB2-A7B6-41CA-97A4-8FD8ACEDE9BF}
		{A832A315-CD9B-4673-A777-7E186DD7FB83} = {5BC86DB2-A7B6-41CA-97A4-8FD8ACEDE9BF}
		{78621307-C67F-4C61-96AA-7EE4B3C08620} = {6C23EC02-A668-4374-954E-9A16EC7BCA42}
		{2B892495-7440-44D4-87F7-C7ABB42740A8} = {6C23EC02-A668-4374-954E-9A16EC7BCA42}
		{65E5631B-965B-4E16-9B98-6DCAE79B0D85} = {6C23EC02-A668-4374-954E-9A16EC7BCA42}
		{46F2DA52-ACB0-4183-912F-7CC29971ED50} = {6C23EC02-A668-4374-954E-9A16EC7BCA42}
	EndGlobalSection
EndGlobal
