
Microsoft Visual Studio Solution File, Format Version 10.00
# Visual Studio 2008
Project("{FAE04EC0-301F-11D3-BF4B-00C04F79EFBC}") = "ViewModelComposition", "ViewModelComposition\ViewModelComposition.csproj", "{038A54AC-EEFD-4F5D-82DC-C4AFD1A3201D}"
EndProject
Project("{FAE04EC0-301F-11D3-BF4B-00C04F79EFBC}") = "Prism", "Prism\Prism\Prism.csproj", "{E20361F8-7B3F-437D-8799-EDE1FB7B15C1}"
EndProject
Project("{2150E333-8FDC-42A3-9474-1A3956D46DE8}") = "_Prism", "_Prism", "{4B7F885E-4943-497F-9AC1-34B6E4A64E11}"
EndProject
Project("{FAE04EC0-301F-11D3-BF4B-00C04F79EFBC}") = "Prism.Interfaces", "Prism\Prism.Interfaces\Prism.Interfaces.csproj", "{C4E0705E-7D35-441A-BC04-6F4E5D25FD60}"
EndProject
Project("{FAE04EC0-301F-11D3-BF4B-00C04F79EFBC}") = "Prism.UnityContainerAdapter", "Prism\Prism.UnityContainerAdapter\Prism.UnityContainerAdapter.csproj", "{17831F3B-6B82-4916-BD2B-2CE2071EA622}"
EndProject
Project("{FAE04EC0-301F-11D3-BF4B-00C04F79EFBC}") = "ViewModelComposition.Infrastructure", "ViewModelComposition.Infrastructure\ViewModelComposition.Infrastructure.csproj", "{4511B435-FF23-484C-B5FE-9C4057F380C0}"
EndProject
Project("{FAE04EC0-301F-11D3-BF4B-00C04F79EFBC}") = "ViewModelComposition.Modules.Employees", "ViewModelComposition.Modules.Employees\ViewModelComposition.Modules.Employees.csproj", "{D361DA77-FC72-4352-8942-03037978287A}"
EndProject
Project("{FAE04EC0-301F-11D3-BF4B-00C04F79EFBC}") = "ViewModelComposition.Modules.Project", "ViewModelComposition.Modules.Project\ViewModelComposition.Modules.Project.csproj", "{A7DC4C1C-BFE1-4820-A821-1B7E37E3E0D0}"
EndProject
Global
	GlobalSection(SolutionConfigurationPlatforms) = preSolution
		Debug|Any CPU = Debug|Any CPU
		Release|Any CPU = Release|Any CPU
	EndGlobalSection
	GlobalSection(ProjectConfigurationPlatforms) = postSolution
		{038A54AC-EEFD-4F5D-82DC-C4AFD1A3201D}.Debug|Any CPU.ActiveCfg = Debug|Any CPU
		{038A54AC-EEFD-4F5D-82DC-C4AFD1A3201D}.Debug|Any CPU.Build.0 = Debug|Any CPU
		{038A54AC-EEFD-4F5D-82DC-C4AFD1A3201D}.Release|Any CPU.ActiveCfg = Release|Any CPU
		{038A54AC-EEFD-4F5D-82DC-C4AFD1A3201D}.Release|Any CPU.Build.0 = Release|Any CPU
		{E20361F8-7B3F-437D-8799-EDE1FB7B15C1}.Debug|Any CPU.ActiveCfg = Debug|Any CPU
		{E20361F8-7B3F-437D-8799-EDE1FB7B15C1}.Debug|Any CPU.Build.0 = Debug|Any CPU
		{E20361F8-7B3F-437D-8799-EDE1FB7B15C1}.Release|Any CPU.ActiveCfg = Release|Any CPU
		{E20361F8-7B3F-437D-8799-EDE1FB7B15C1}.Release|Any CPU.Build.0 = Release|Any CPU
		{C4E0705E-7D35-441A-BC04-6F4E5D25FD60}.Debug|Any CPU.ActiveCfg = Debug|Any CPU
		{C4E0705E-7D35-441A-BC04-6F4E5D25FD60}.Debug|Any CPU.Build.0 = Debug|Any CPU
		{C4E0705E-7D35-441A-BC04-6F4E5D25FD60}.Release|Any CPU.ActiveCfg = Release|Any CPU
		{C4E0705E-7D35-441A-BC04-6F4E5D25FD60}.Release|Any CPU.Build.0 = Release|Any CPU
		{17831F3B-6B82-4916-BD2B-2CE2071EA622}.Debug|Any CPU.ActiveCfg = Debug|Any CPU
		{17831F3B-6B82-4916-BD2B-2CE2071EA622}.Debug|Any CPU.Build.0 = Debug|Any CPU
		{17831F3B-6B82-4916-BD2B-2CE2071EA622}.Release|Any CPU.ActiveCfg = Release|Any CPU
		{17831F3B-6B82-4916-BD2B-2CE2071EA622}.Release|Any CPU.Build.0 = Release|Any CPU
		{4511B435-FF23-484C-B5FE-9C4057F380C0}.Debug|Any CPU.ActiveCfg = Debug|Any CPU
		{4511B435-FF23-484C-B5FE-9C4057F380C0}.Debug|Any CPU.Build.0 = Debug|Any CPU
		{4511B435-FF23-484C-B5FE-9C4057F380C0}.Release|Any CPU.ActiveCfg = Release|Any CPU
		{4511B435-FF23-484C-B5FE-9C4057F380C0}.Release|Any CPU.Build.0 = Release|Any CPU
		{D361DA77-FC72-4352-8942-03037978287A}.Debug|Any CPU.ActiveCfg = Debug|Any CPU
		{D361DA77-FC72-4352-8942-03037978287A}.Debug|Any CPU.Build.0 = Debug|Any CPU
		{D361DA77-FC72-4352-8942-03037978287A}.Release|Any CPU.ActiveCfg = Release|Any CPU
		{D361DA77-FC72-4352-8942-03037978287A}.Release|Any CPU.Build.0 = Release|Any CPU
		{A7DC4C1C-BFE1-4820-A821-1B7E37E3E0D0}.Debug|Any CPU.ActiveCfg = Debug|Any CPU
		{A7DC4C1C-BFE1-4820-A821-1B7E37E3E0D0}.Debug|Any CPU.Build.0 = Debug|Any CPU
		{A7DC4C1C-BFE1-4820-A821-1B7E37E3E0D0}.Release|Any CPU.ActiveCfg = Release|Any CPU
		{A7DC4C1C-BFE1-4820-A821-1B7E37E3E0D0}.Release|Any CPU.Build.0 = Release|Any CPU
	EndGlobalSection
	GlobalSection(SolutionProperties) = preSolution
		HideSolutionNode = FALSE
	EndGlobalSection
	GlobalSection(NestedProjects) = preSolution
		{E20361F8-7B3F-437D-8799-EDE1FB7B15C1} = {4B7F885E-4943-497F-9AC1-34B6E4A64E11}
		{C4E0705E-7D35-441A-BC04-6F4E5D25FD60} = {4B7F885E-4943-497F-9AC1-34B6E4A64E11}
		{17831F3B-6B82-4916-BD2B-2CE2071EA622} = {4B7F885E-4943-497F-9AC1-34B6E4A64E11}
	EndGlobalSection
EndGlobal
