
Microsoft Visual Studio Solution File, Format Version 11.00
# Visual Studio 2010
Project("{2150E333-8FDC-42A3-9474-1A3956D46DE8}") = "Modules", "Modules", "{077CEEA2-1574-43EC-A9CE-FCBBF7E52AAB}"
EndProject
Project("{2150E333-8FDC-42A3-9474-1A3956D46DE8}") = "Unit Tests", "Unit Tests", "{A124EF34-27B8-4312-BF82-4F427A057B90}"
EndProject
Project("{2150E333-8FDC-42A3-9474-1A3956D46DE8}") = "Desktop", "Desktop", "{7C6923E9-5570-4671-B6F0-2FE930C620F5}"
EndProject
Project("{2150E333-8FDC-42A3-9474-1A3956D46DE8}") = "Silverlight", "Silverlight", "{EC12DC9C-4863-4FDC-9849-4213715A7218}"
EndProject
Project("{2150E333-8FDC-42A3-9474-1A3956D46DE8}") = "Modules", "Modules", "{3082704A-D254-4A40-870B-3CFCBA73E3D1}"
EndProject
Project("{2150E333-8FDC-42A3-9474-1A3956D46DE8}") = "Unit Tests", "Unit Tests", "{D8F53CB3-10BA-4051-ADF0-9D26D51F0BAD}"
EndProject
Project("{FAE04EC0-301F-11D3-BF4B-00C04F79EFBC}") = "UIComposition.Desktop", "Desktop\UIComposition\UIComposition.Desktop.csproj", "{038A54AC-EEFD-4F5D-82DC-C4AFD1A3201D}"
EndProject
Project("{FAE04EC0-301F-11D3-BF4B-00C04F79EFBC}") = "UIComposition.Modules.Employee.Desktop", "Desktop\UIComposition.Modules.Employee\UIComposition.Modules.Employee.Desktop.csproj", "{D361DA77-FC72-4352-8942-03037978287A}"
EndProject
Project("{FAE04EC0-301F-11D3-BF4B-00C04F79EFBC}") = "UIComposition.Modules.Project.Desktop", "Desktop\UIComposition.Modules.Project\UIComposition.Modules.Project.Desktop.csproj", "{A7DC4C1C-BFE1-4820-A821-1B7E37E3E0D0}"
EndProject
Project("{FAE04EC0-301F-11D3-BF4B-00C04F79EFBC}") = "UIComposition.Modules.Employee.Desktop.Tests", "Desktop\UIComposition.Modules.Employee.Tests\UIComposition.Modules.Employee.Desktop.Tests.csproj", "{B9EE42F2-B9C1-41D6-ADF2-6538156720C6}"
EndProject
Project("{FAE04EC0-301F-11D3-BF4B-00C04F79EFBC}") = "UIComposition.Modules.Project.Desktop.Tests", "Desktop\UIComposition.Modules.Project.Tests\UIComposition.Modules.Project.Desktop.Tests.csproj", "{4C7FC8CC-1E27-4500-9D05-71049EA1A3B9}"
EndProject
Project("{FAE04EC0-301F-11D3-BF4B-00C04F79EFBC}") = "UIComposition.Infrastructure.Desktop", "Desktop\UIComposition.Infrastructure\UIComposition.Infrastructure.Desktop.csproj", "{4511B435-FF23-484C-B5FE-9C4057F380C0}"
EndProject
Project("{FAE04EC0-301F-11D3-BF4B-00C04F79EFBC}") = "UIComposition.Modules.Project.Silverlight", "Silverlight\UIComposition.Modules.Project\UIComposition.Modules.Project.Silverlight.csproj", "{129B7BAA-95C0-4FFF-B968-C3EB4C886680}"
EndProject
Project("{FAE04EC0-301F-11D3-BF4B-00C04F79EFBC}") = "UIComposition.Modules.Employee.Silverlight", "Silverlight\UIComposition.Modules.Employee\UIComposition.Modules.Employee.Silverlight.csproj", "{C7591CA5-D022-4BE9-9CEF-0E85B4EF5CDF}"
EndProject
Project("{FAE04EC0-301F-11D3-BF4B-00C04F79EFBC}") = "UIComposition.Infrastructure.Silverlight", "Silverlight\UIComposition.Infrastructure\UIComposition.Infrastructure.Silverlight.csproj", "{4AF5DD23-642E-46B2-BFE9-D8D750EDBBB3}"
EndProject
Project("{FAE04EC0-301F-11D3-BF4B-00C04F79EFBC}") = "UIComposition.Silverlight", "Silverlight\UIComposition\UIComposition.Silverlight.csproj", "{039A9D26-9A1F-4987-AF5E-25485C4734D0}"
EndProject
Project("{FAE04EC0-301F-11D3-BF4B-00C04F79EFBC}") = "UIComposition.Modules.Employee.Silverlight.Tests", "Silverlight\UIComposition.Modules.Employee.Tests\UIComposition.Modules.Employee.Silverlight.Tests.csproj", "{FA034423-B9FC-4DEC-88D5-DDA6068E9B94}"
EndProject
Project("{FAE04EC0-301F-11D3-BF4B-00C04F79EFBC}") = "UIComposition.Modules.Project.Silverlight.Tests", "Silverlight\UIComposition.Modules.Project.Tests\UIComposition.Modules.Project.Silverlight.Tests.csproj", "{0DCA4EED-7696-4613-8DA0-6B2551017BA1}"
EndProject
Project("{FAE04EC0-301F-11D3-BF4B-00C04F79EFBC}") = "Prism.TestSupport", "..\..\..\PrismLibrary\Desktop\Prism.TestSupport\Prism.TestSupport.csproj", "{D1C75DE6-CB2B-401A-985C-033C4FABAD84}"
EndProject
Project("{FAE04EC0-301F-11D3-BF4B-00C04F79EFBC}") = "Prism.Silverlight.TestSupport", "..\..\..\PrismLibrary\Silverlight\Prism.TestSupport\Prism.Silverlight.TestSupport.csproj", "{6B49E97E-944C-40C9-B0C7-369C2B195D98}"
EndProject
Global
	GlobalSection(TestCaseManagementSettings) = postSolution
		CategoryFile = Desktop\StockTraderRI.vsmdi
	EndGlobalSection
	GlobalSection(SolutionConfigurationPlatforms) = preSolution
		Debug|Any CPU = Debug|Any CPU
		Release|Any CPU = Release|Any CPU
	EndGlobalSection
	GlobalSection(ProjectConfigurationPlatforms) = postSolution
		{038A54AC-EEFD-4F5D-82DC-C4AFD1A3201D}.Debug|Any CPU.ActiveCfg = Debug|Any CPU
		{038A54AC-EEFD-4F5D-82DC-C4AFD1A3201D}.Debug|Any CPU.Build.0 = Debug|Any CPU
		{038A54AC-EEFD-4F5D-82DC-C4AFD1A3201D}.Release|Any CPU.ActiveCfg = Release|Any CPU
		{038A54AC-EEFD-4F5D-82DC-C4AFD1A3201D}.Release|Any CPU.Build.0 = Release|Any CPU
		{D361DA77-FC72-4352-8942-03037978287A}.Debug|Any CPU.ActiveCfg = Debug|Any CPU
		{D361DA77-FC72-4352-8942-03037978287A}.Debug|Any CPU.Build.0 = Debug|Any CPU
		{D361DA77-FC72-4352-8942-03037978287A}.Release|Any CPU.ActiveCfg = Release|Any CPU
		{D361DA77-FC72-4352-8942-03037978287A}.Release|Any CPU.Build.0 = Release|Any CPU
		{A7DC4C1C-BFE1-4820-A821-1B7E37E3E0D0}.Debug|Any CPU.ActiveCfg = Debug|Any CPU
		{A7DC4C1C-BFE1-4820-A821-1B7E37E3E0D0}.Debug|Any CPU.Build.0 = Debug|Any CPU
		{A7DC4C1C-BFE1-4820-A821-1B7E37E3E0D0}.Release|Any CPU.ActiveCfg = Release|Any CPU
		{A7DC4C1C-BFE1-4820-A821-1B7E37E3E0D0}.Release|Any CPU.Build.0 = Release|Any CPU
		{B9EE42F2-B9C1-41D6-ADF2-6538156720C6}.Debug|Any CPU.ActiveCfg = Debug|Any CPU
		{B9EE42F2-B9C1-41D6-ADF2-6538156720C6}.Debug|Any CPU.Build.0 = Debug|Any CPU
		{B9EE42F2-B9C1-41D6-ADF2-6538156720C6}.Release|Any CPU.ActiveCfg = Release|Any CPU
		{B9EE42F2-B9C1-41D6-ADF2-6538156720C6}.Release|Any CPU.Build.0 = Release|Any CPU
		{4C7FC8CC-1E27-4500-9D05-71049EA1A3B9}.Debug|Any CPU.ActiveCfg = Debug|Any CPU
		{4C7FC8CC-1E27-4500-9D05-71049EA1A3B9}.Debug|Any CPU.Build.0 = Debug|Any CPU
		{4C7FC8CC-1E27-4500-9D05-71049EA1A3B9}.Release|Any CPU.ActiveCfg = Release|Any CPU
		{4C7FC8CC-1E27-4500-9D05-71049EA1A3B9}.Release|Any CPU.Build.0 = Release|Any CPU
		{4511B435-FF23-484C-B5FE-9C4057F380C0}.Debug|Any CPU.ActiveCfg = Debug|Any CPU
		{4511B435-FF23-484C-B5FE-9C4057F380C0}.Debug|Any CPU.Build.0 = Debug|Any CPU
		{4511B435-FF23-484C-B5FE-9C4057F380C0}.Release|Any CPU.ActiveCfg = Release|Any CPU
		{4511B435-FF23-484C-B5FE-9C4057F380C0}.Release|Any CPU.Build.0 = Release|Any CPU
		{129B7BAA-95C0-4FFF-B968-C3EB4C886680}.Debug|Any CPU.ActiveCfg = Debug|Any CPU
		{129B7BAA-95C0-4FFF-B968-C3EB4C886680}.Debug|Any CPU.Build.0 = Debug|Any CPU
		{129B7BAA-95C0-4FFF-B968-C3EB4C886680}.Release|Any CPU.ActiveCfg = Release|Any CPU
		{129B7BAA-95C0-4FFF-B968-C3EB4C886680}.Release|Any CPU.Build.0 = Release|Any CPU
		{C7591CA5-D022-4BE9-9CEF-0E85B4EF5CDF}.Debug|Any CPU.ActiveCfg = Debug|Any CPU
		{C7591CA5-D022-4BE9-9CEF-0E85B4EF5CDF}.Debug|Any CPU.Build.0 = Debug|Any CPU
		{C7591CA5-D022-4BE9-9CEF-0E85B4EF5CDF}.Release|Any CPU.ActiveCfg = Release|Any CPU
		{C7591CA5-D022-4BE9-9CEF-0E85B4EF5CDF}.Release|Any CPU.Build.0 = Release|Any CPU
		{4AF5DD23-642E-46B2-BFE9-D8D750EDBBB3}.Debug|Any CPU.ActiveCfg = Debug|Any CPU
		{4AF5DD23-642E-46B2-BFE9-D8D750EDBBB3}.Debug|Any CPU.Build.0 = Debug|Any CPU
		{4AF5DD23-642E-46B2-BFE9-D8D750EDBBB3}.Release|Any CPU.ActiveCfg = Release|Any CPU
		{4AF5DD23-642E-46B2-BFE9-D8D750EDBBB3}.Release|Any CPU.Build.0 = Release|Any CPU
		{039A9D26-9A1F-4987-AF5E-25485C4734D0}.Debug|Any CPU.ActiveCfg = Debug|Any CPU
		{039A9D26-9A1F-4987-AF5E-25485C4734D0}.Debug|Any CPU.Build.0 = Debug|Any CPU
		{039A9D26-9A1F-4987-AF5E-25485C4734D0}.Release|Any CPU.ActiveCfg = Release|Any CPU
		{039A9D26-9A1F-4987-AF5E-25485C4734D0}.Release|Any CPU.Build.0 = Release|Any CPU
		{FA034423-B9FC-4DEC-88D5-DDA6068E9B94}.Debug|Any CPU.ActiveCfg = Debug|Any CPU
		{FA034423-B9FC-4DEC-88D5-DDA6068E9B94}.Debug|Any CPU.Build.0 = Debug|Any CPU
		{FA034423-B9FC-4DEC-88D5-DDA6068E9B94}.Release|Any CPU.ActiveCfg = Release|Any CPU
		{FA034423-B9FC-4DEC-88D5-DDA6068E9B94}.Release|Any CPU.Build.0 = Release|Any CPU
		{0DCA4EED-7696-4613-8DA0-6B2551017BA1}.Debug|Any CPU.ActiveCfg = Debug|Any CPU
		{0DCA4EED-7696-4613-8DA0-6B2551017BA1}.Debug|Any CPU.Build.0 = Debug|Any CPU
		{0DCA4EED-7696-4613-8DA0-6B2551017BA1}.Release|Any CPU.ActiveCfg = Release|Any CPU
		{0DCA4EED-7696-4613-8DA0-6B2551017BA1}.Release|Any CPU.Build.0 = Release|Any CPU
		{D1C75DE6-CB2B-401A-985C-033C4FABAD84}.Debug|Any CPU.ActiveCfg = Debug|Any CPU
		{D1C75DE6-CB2B-401A-985C-033C4FABAD84}.Debug|Any CPU.Build.0 = Debug|Any CPU
		{D1C75DE6-CB2B-401A-985C-033C4FABAD84}.Release|Any CPU.ActiveCfg = Release|Any CPU
		{D1C75DE6-CB2B-401A-985C-033C4FABAD84}.Release|Any CPU.Build.0 = Release|Any CPU
		{6B49E97E-944C-40C9-B0C7-369C2B195D98}.Debug|Any CPU.ActiveCfg = Debug|Any CPU
		{6B49E97E-944C-40C9-B0C7-369C2B195D98}.Debug|Any CPU.Build.0 = Debug|Any CPU
		{6B49E97E-944C-40C9-B0C7-369C2B195D98}.Release|Any CPU.ActiveCfg = Release|Any CPU
		{6B49E97E-944C-40C9-B0C7-369C2B195D98}.Release|Any CPU.Build.0 = Release|Any CPU
	EndGlobalSection
	GlobalSection(SolutionProperties) = preSolution
		HideSolutionNode = FALSE
	EndGlobalSection
	GlobalSection(NestedProjects) = preSolution
		{A124EF34-27B8-4312-BF82-4F427A057B90} = {7C6923E9-5570-4671-B6F0-2FE930C620F5}
		{077CEEA2-1574-43EC-A9CE-FCBBF7E52AAB} = {7C6923E9-5570-4671-B6F0-2FE930C620F5}
		{038A54AC-EEFD-4F5D-82DC-C4AFD1A3201D} = {7C6923E9-5570-4671-B6F0-2FE930C620F5}
		{4511B435-FF23-484C-B5FE-9C4057F380C0} = {7C6923E9-5570-4671-B6F0-2FE930C620F5}
		{B9EE42F2-B9C1-41D6-ADF2-6538156720C6} = {A124EF34-27B8-4312-BF82-4F427A057B90}
		{4C7FC8CC-1E27-4500-9D05-71049EA1A3B9} = {A124EF34-27B8-4312-BF82-4F427A057B90}
		{D1C75DE6-CB2B-401A-985C-033C4FABAD84} = {A124EF34-27B8-4312-BF82-4F427A057B90}
		{D361DA77-FC72-4352-8942-03037978287A} = {077CEEA2-1574-43EC-A9CE-FCBBF7E52AAB}
		{A7DC4C1C-BFE1-4820-A821-1B7E37E3E0D0} = {077CEEA2-1574-43EC-A9CE-FCBBF7E52AAB}
		{3082704A-D254-4A40-870B-3CFCBA73E3D1} = {EC12DC9C-4863-4FDC-9849-4213715A7218}
		{D8F53CB3-10BA-4051-ADF0-9D26D51F0BAD} = {EC12DC9C-4863-4FDC-9849-4213715A7218}
		{4AF5DD23-642E-46B2-BFE9-D8D750EDBBB3} = {EC12DC9C-4863-4FDC-9849-4213715A7218}
		{039A9D26-9A1F-4987-AF5E-25485C4734D0} = {EC12DC9C-4863-4FDC-9849-4213715A7218}
		{129B7BAA-95C0-4FFF-B968-C3EB4C886680} = {3082704A-D254-4A40-870B-3CFCBA73E3D1}
		{C7591CA5-D022-4BE9-9CEF-0E85B4EF5CDF} = {3082704A-D254-4A40-870B-3CFCBA73E3D1}
		{FA034423-B9FC-4DEC-88D5-DDA6068E9B94} = {D8F53CB3-10BA-4051-ADF0-9D26D51F0BAD}
		{0DCA4EED-7696-4613-8DA0-6B2551017BA1} = {D8F53CB3-10BA-4051-ADF0-9D26D51F0BAD}
		{6B49E97E-944C-40C9-B0C7-369C2B195D98} = {D8F53CB3-10BA-4051-ADF0-9D26D51F0BAD}
	EndGlobalSection
EndGlobal
